
Microsoft Visual Studio Solution File, Format Version 12.00
# Visual Studio 15
VisualStudioVersion = 15.0.28307.539
MinimumVisualStudioVersion = 10.0.40219.1
Project("{FAE04EC0-301F-11D3-BF4B-00C04F79EFBC}") = "WebApplication", "WebApplication\WebApplication.csproj", "{2BA0B8CF-C51C-4F0F-8211-11BC25980A5E}"
EndProject
Project("{FAE04EC0-301F-11D3-BF4B-00C04F79EFBC}") = "ClientApplication", "ClientApplication\ClientApplication.csproj", "{81F3AAD0-C550-4CC2-B5FF-292342C4CB26}"
EndProject
Global
	GlobalSection(SolutionConfigurationPlatforms) = preSolution
		Debug|Any CPU = Debug|Any CPU
		Release|Any CPU = Release|Any CPU
	EndGlobalSection
	GlobalSection(ProjectConfigurationPlatforms) = postSolution
		{2BA0B8CF-C51C-4F0F-8211-11BC25980A5E}.Debug|Any CPU.ActiveCfg = Debug|Any CPU
		{2BA0B8CF-C51C-4F0F-8211-11BC25980A5E}.Debug|Any CPU.Build.0 = Debug|Any CPU
		{2BA0B8CF-C51C-4F0F-8211-11BC25980A5E}.Release|Any CPU.ActiveCfg = Release|Any CPU
		{2BA0B8CF-C51C-4F0F-8211-11BC25980A5E}.Release|Any CPU.Build.0 = Release|Any CPU
		{81F3AAD0-C550-4CC2-B5FF-292342C4CB26}.Debug|Any CPU.ActiveCfg = Debug|Any CPU
		{81F3AAD0-C550-4CC2-B5FF-292342C4CB26}.Debug|Any CPU.Build.0 = Debug|Any CPU
		{81F3AAD0-C550-4CC2-B5FF-292342C4CB26}.Release|Any CPU.ActiveCfg = Release|Any CPU
		{81F3AAD0-C550-4CC2-B5FF-292342C4CB26}.Release|Any CPU.Build.0 = Release|Any CPU
	EndGlobalSection
	GlobalSection(SolutionProperties) = preSolution
		HideSolutionNode = FALSE
	EndGlobalSection
	GlobalSection(ExtensibilityGlobals) = postSolution
		SolutionGuid = {EA0A1AA6-8A2D-4FA1-97C7-647EFDA60CFC}
	EndGlobalSection
EndGlobal
